
Microsoft Visual Studio Solution File, Format Version 11.00
# Visual C# Express 2010
Project("{FAE04EC0-301F-11D3-BF4B-00C04F79EFBC}") = "FractalObserver", "FractalObserver.csproj", "{C3C8B391-5471-4D97-A4C2-6129FB7DD6BE}"
EndProject
Global
	GlobalSection(SolutionConfigurationPlatforms) = preSolution
		Debug|Any CPU = Debug|Any CPU
		Release|Any CPU = Release|Any CPU
	EndGlobalSection
	GlobalSection(ProjectConfigurationPlatforms) = postSolution
		{C3C8B391-5471-4D97-A4C2-6129FB7DD6BE}.Debug|Any CPU.ActiveCfg = Debug|Any CPU
		{C3C8B391-5471-4D97-A4C2-6129FB7DD6BE}.Debug|Any CPU.Build.0 = Debug|Any CPU
		{C3C8B391-5471-4D97-A4C2-6129FB7DD6BE}.Release|Any CPU.ActiveCfg = Release|Any CPU
		{C3C8B391-5471-4D97-A4C2-6129FB7DD6BE}.Release|Any CPU.Build.0 = Release|Any CPU
	EndGlobalSection
	GlobalSection(SolutionProperties) = preSolution
		HideSolutionNode = FALSE
	EndGlobalSection
EndGlobal
